
Microsoft Visual Studio Solution File, Format Version 12.00
# Visual Studio Version 17
VisualStudioVersion = 17.5.002.0
MinimumVisualStudioVersion = 10.0.40219.1
Project("{9A19103F-16F7-4668-BE54-9A1E7A4F7556}") = "DNWS", "DNWS.csproj", "{AE673C37-0CE3-4E39-B6F4-658B7F7BAC1A}"
EndProject
Global
	GlobalSection(SolutionConfigurationPlatforms) = preSolution
		Debug|Any CPU = Debug|Any CPU
		Release|Any CPU = Release|Any CPU
	EndGlobalSection
	GlobalSection(ProjectConfigurationPlatforms) = postSolution
		{AE673C37-0CE3-4E39-B6F4-658B7F7BAC1A}.Debug|Any CPU.ActiveCfg = Debug|Any CPU
		{AE673C37-0CE3-4E39-B6F4-658B7F7BAC1A}.Debug|Any CPU.Build.0 = Debug|Any CPU
		{AE673C37-0CE3-4E39-B6F4-658B7F7BAC1A}.Release|Any CPU.ActiveCfg = Release|Any CPU
		{AE673C37-0CE3-4E39-B6F4-658B7F7BAC1A}.Release|Any CPU.Build.0 = Release|Any CPU
	EndGlobalSection
	GlobalSection(SolutionProperties) = preSolution
		HideSolutionNode = FALSE
	EndGlobalSection
	GlobalSection(ExtensibilityGlobals) = postSolution
		SolutionGuid = {A17572B4-0954-4EDE-AD86-2A3D7DB1C1B9}
	EndGlobalSection
EndGlobal
